
Microsoft Visual Studio Solution File, Format Version 12.00
# Visual Studio Version 17
VisualStudioVersion = 17.10.35027.167
MinimumVisualStudioVersion = 10.0.40219.1
Project("{2150E333-8FDC-42A3-9474-1A3956D46DE8}") = "TratamentoExcecoes", "TratamentoExcecoes", "{BB341696-A8D2-4F12-925B-48A4E937BE32}"
EndProject
Project("{9A19103F-16F7-4668-BE54-9A1E7A4F7556}") = "TryCatch", "TryCatch\TryCatch.csproj", "{FBD6B196-500C-44A1-9F0B-AB10BE476411}"
EndProject
Project("{9A19103F-16F7-4668-BE54-9A1E7A4F7556}") = "TryCatch(exefix)", "TryCatch(exefix)\TryCatch(exefix).csproj", "{5F51F6E9-FB49-434F-8386-B50F9A1F189C}"
EndProject
Project("{2150E333-8FDC-42A3-9474-1A3956D46DE8}") = "ManipulacaoArquivos", "ManipulacaoArquivos", "{E939FCEA-06FE-4741-91DA-4A87D8946B8C}"
EndProject
Project("{FAE04EC0-301F-11D3-BF4B-00C04F79EFBC}") = "DirectoryDirectoryInfo", "DirectoryDirectoryInfo\DirectoryDirectoryInfo.csproj", "{730A95B0-2C18-402A-909B-5335F5F12799}"
EndProject
Project("{FAE04EC0-301F-11D3-BF4B-00C04F79EFBC}") = "Pathh", "Pathh\Pathh.csproj", "{8692CE50-2C4B-4D93-A89A-FC8B6C78499D}"
EndProject
Project("{FAE04EC0-301F-11D3-BF4B-00C04F79EFBC}") = "FileInfoo", "FileInfoo\FileInfoo.csproj", "{78A27BFB-BFB6-4760-90E2-0F502A44B659}"
EndProject
Project("{FAE04EC0-301F-11D3-BF4B-00C04F79EFBC}") = "Filee", "Filee\Filee.csproj", "{60BE4693-03A0-4736-A9E8-78AB393D0FB4}"
EndProject
Project("{FAE04EC0-301F-11D3-BF4B-00C04F79EFBC}") = "FileStreamm", "FileStreamm\FileStreamm.csproj", "{E783327E-1633-43CD-9ECC-A500551BD1CD}"
EndProject
Project("{FAE04EC0-301F-11D3-BF4B-00C04F79EFBC}") = "StreamReaderr", "StreamReaderr\StreamReaderr.csproj", "{A0200088-0F87-4A88-9E42-D9093228E44E}"
EndProject
Project("{FAE04EC0-301F-11D3-BF4B-00C04F79EFBC}") = "Usingg", "Usingg\Usingg.csproj", "{B66C486E-4324-4019-9318-499DBC5707F9}"
EndProject
Project("{FAE04EC0-301F-11D3-BF4B-00C04F79EFBC}") = "StreamWriterr", "StreamWriterr\StreamWriterr.csproj", "{B5F14159-ACB3-4C8B-9FCD-AE392DD854DD}"
EndProject
Project("{FAE04EC0-301F-11D3-BF4B-00C04F79EFBC}") = "ExeFixManipulacao", "ExeFixManipulacao\ExeFixManipulacao.csproj", "{A3BE7C20-3CF8-4950-9D9B-B71DED6AA5BA}"
EndProject
Global
	GlobalSection(SolutionConfigurationPlatforms) = preSolution
		Debug|Any CPU = Debug|Any CPU
		Release|Any CPU = Release|Any CPU
	EndGlobalSection
	GlobalSection(ProjectConfigurationPlatforms) = postSolution
		{FBD6B196-500C-44A1-9F0B-AB10BE476411}.Debug|Any CPU.ActiveCfg = Debug|Any CPU
		{FBD6B196-500C-44A1-9F0B-AB10BE476411}.Debug|Any CPU.Build.0 = Debug|Any CPU
		{FBD6B196-500C-44A1-9F0B-AB10BE476411}.Release|Any CPU.ActiveCfg = Release|Any CPU
		{FBD6B196-500C-44A1-9F0B-AB10BE476411}.Release|Any CPU.Build.0 = Release|Any CPU
		{5F51F6E9-FB49-434F-8386-B50F9A1F189C}.Debug|Any CPU.ActiveCfg = Debug|Any CPU
		{5F51F6E9-FB49-434F-8386-B50F9A1F189C}.Debug|Any CPU.Build.0 = Debug|Any CPU
		{5F51F6E9-FB49-434F-8386-B50F9A1F189C}.Release|Any CPU.ActiveCfg = Release|Any CPU
		{5F51F6E9-FB49-434F-8386-B50F9A1F189C}.Release|Any CPU.Build.0 = Release|Any CPU
		{730A95B0-2C18-402A-909B-5335F5F12799}.Debug|Any CPU.ActiveCfg = Debug|Any CPU
		{730A95B0-2C18-402A-909B-5335F5F12799}.Debug|Any CPU.Build.0 = Debug|Any CPU
		{730A95B0-2C18-402A-909B-5335F5F12799}.Release|Any CPU.ActiveCfg = Release|Any CPU
		{730A95B0-2C18-402A-909B-5335F5F12799}.Release|Any CPU.Build.0 = Release|Any CPU
		{8692CE50-2C4B-4D93-A89A-FC8B6C78499D}.Debug|Any CPU.ActiveCfg = Debug|Any CPU
		{8692CE50-2C4B-4D93-A89A-FC8B6C78499D}.Debug|Any CPU.Build.0 = Debug|Any CPU
		{8692CE50-2C4B-4D93-A89A-FC8B6C78499D}.Release|Any CPU.ActiveCfg = Release|Any CPU
		{8692CE50-2C4B-4D93-A89A-FC8B6C78499D}.Release|Any CPU.Build.0 = Release|Any CPU
		{78A27BFB-BFB6-4760-90E2-0F502A44B659}.Debug|Any CPU.ActiveCfg = Debug|Any CPU
		{78A27BFB-BFB6-4760-90E2-0F502A44B659}.Debug|Any CPU.Build.0 = Debug|Any CPU
		{78A27BFB-BFB6-4760-90E2-0F502A44B659}.Release|Any CPU.ActiveCfg = Release|Any CPU
		{78A27BFB-BFB6-4760-90E2-0F502A44B659}.Release|Any CPU.Build.0 = Release|Any CPU
		{60BE4693-03A0-4736-A9E8-78AB393D0FB4}.Debug|Any CPU.ActiveCfg = Debug|Any CPU
		{60BE4693-03A0-4736-A9E8-78AB393D0FB4}.Debug|Any CPU.Build.0 = Debug|Any CPU
		{60BE4693-03A0-4736-A9E8-78AB393D0FB4}.Release|Any CPU.ActiveCfg = Release|Any CPU
		{60BE4693-03A0-4736-A9E8-78AB393D0FB4}.Release|Any CPU.Build.0 = Release|Any CPU
		{E783327E-1633-43CD-9ECC-A500551BD1CD}.Debug|Any CPU.ActiveCfg = Debug|Any CPU
		{E783327E-1633-43CD-9ECC-A500551BD1CD}.Debug|Any CPU.Build.0 = Debug|Any CPU
		{E783327E-1633-43CD-9ECC-A500551BD1CD}.Release|Any CPU.ActiveCfg = Release|Any CPU
		{E783327E-1633-43CD-9ECC-A500551BD1CD}.Release|Any CPU.Build.0 = Release|Any CPU
		{A0200088-0F87-4A88-9E42-D9093228E44E}.Debug|Any CPU.ActiveCfg = Debug|Any CPU
		{A0200088-0F87-4A88-9E42-D9093228E44E}.Debug|Any CPU.Build.0 = Debug|Any CPU
		{A0200088-0F87-4A88-9E42-D9093228E44E}.Release|Any CPU.ActiveCfg = Release|Any CPU
		{A0200088-0F87-4A88-9E42-D9093228E44E}.Release|Any CPU.Build.0 = Release|Any CPU
		{B66C486E-4324-4019-9318-499DBC5707F9}.Debug|Any CPU.ActiveCfg = Debug|Any CPU
		{B66C486E-4324-4019-9318-499DBC5707F9}.Debug|Any CPU.Build.0 = Debug|Any CPU
		{B66C486E-4324-4019-9318-499DBC5707F9}.Release|Any CPU.ActiveCfg = Release|Any CPU
		{B66C486E-4324-4019-9318-499DBC5707F9}.Release|Any CPU.Build.0 = Release|Any CPU
		{B5F14159-ACB3-4C8B-9FCD-AE392DD854DD}.Debug|Any CPU.ActiveCfg = Debug|Any CPU
		{B5F14159-ACB3-4C8B-9FCD-AE392DD854DD}.Debug|Any CPU.Build.0 = Debug|Any CPU
		{B5F14159-ACB3-4C8B-9FCD-AE392DD854DD}.Release|Any CPU.ActiveCfg = Release|Any CPU
		{B5F14159-ACB3-4C8B-9FCD-AE392DD854DD}.Release|Any CPU.Build.0 = Release|Any CPU
		{A3BE7C20-3CF8-4950-9D9B-B71DED6AA5BA}.Debug|Any CPU.ActiveCfg = Debug|Any CPU
		{A3BE7C20-3CF8-4950-9D9B-B71DED6AA5BA}.Debug|Any CPU.Build.0 = Debug|Any CPU
		{A3BE7C20-3CF8-4950-9D9B-B71DED6AA5BA}.Release|Any CPU.ActiveCfg = Release|Any CPU
		{A3BE7C20-3CF8-4950-9D9B-B71DED6AA5BA}.Release|Any CPU.Build.0 = Release|Any CPU
	EndGlobalSection
	GlobalSection(SolutionProperties) = preSolution
		HideSolutionNode = FALSE
	EndGlobalSection
	GlobalSection(NestedProjects) = preSolution
		{FBD6B196-500C-44A1-9F0B-AB10BE476411} = {BB341696-A8D2-4F12-925B-48A4E937BE32}
		{5F51F6E9-FB49-434F-8386-B50F9A1F189C} = {BB341696-A8D2-4F12-925B-48A4E937BE32}
		{730A95B0-2C18-402A-909B-5335F5F12799} = {E939FCEA-06FE-4741-91DA-4A87D8946B8C}
		{8692CE50-2C4B-4D93-A89A-FC8B6C78499D} = {E939FCEA-06FE-4741-91DA-4A87D8946B8C}
		{78A27BFB-BFB6-4760-90E2-0F502A44B659} = {E939FCEA-06FE-4741-91DA-4A87D8946B8C}
		{60BE4693-03A0-4736-A9E8-78AB393D0FB4} = {E939FCEA-06FE-4741-91DA-4A87D8946B8C}
		{E783327E-1633-43CD-9ECC-A500551BD1CD} = {E939FCEA-06FE-4741-91DA-4A87D8946B8C}
		{A0200088-0F87-4A88-9E42-D9093228E44E} = {E939FCEA-06FE-4741-91DA-4A87D8946B8C}
		{B66C486E-4324-4019-9318-499DBC5707F9} = {E939FCEA-06FE-4741-91DA-4A87D8946B8C}
		{B5F14159-ACB3-4C8B-9FCD-AE392DD854DD} = {E939FCEA-06FE-4741-91DA-4A87D8946B8C}
		{A3BE7C20-3CF8-4950-9D9B-B71DED6AA5BA} = {E939FCEA-06FE-4741-91DA-4A87D8946B8C}
	EndGlobalSection
	GlobalSection(ExtensibilityGlobals) = postSolution
		SolutionGuid = {E6526C60-780C-437C-8953-67551D40EC32}
	EndGlobalSection
EndGlobal
